
Microsoft Visual Studio Solution File, Format Version 12.00
# Visual Studio Version 16
VisualStudioVersion = 16.0.29215.179
MinimumVisualStudioVersion = 10.0.40219.1
Project("{8BC9CEB8-8B4A-11D0-8D11-00A0C91BC942}") = "eecs598_project", "eecs598_project.vcxproj", "{7A16C2F2-0D4B-4CDA-B08E-91FDBC6D36DD}"
EndProject
Global
	GlobalSection(SolutionConfigurationPlatforms) = preSolution
		Debug|x64 = Debug|x64
		Release|x64 = Release|x64
	EndGlobalSection
	GlobalSection(ProjectConfigurationPlatforms) = postSolution
		{7A16C2F2-0D4B-4CDA-B08E-91FDBC6D36DD}.Debug|x64.ActiveCfg = Debug|x64
		{7A16C2F2-0D4B-4CDA-B08E-91FDBC6D36DD}.Debug|x64.Build.0 = Debug|x64
		{7A16C2F2-0D4B-4CDA-B08E-91FDBC6D36DD}.Release|x64.ActiveCfg = Release|x64
		{7A16C2F2-0D4B-4CDA-B08E-91FDBC6D36DD}.Release|x64.Build.0 = Release|x64
	EndGlobalSection
	GlobalSection(SolutionProperties) = preSolution
		HideSolutionNode = FALSE
	EndGlobalSection
	GlobalSection(ExtensibilityGlobals) = postSolution
		SolutionGuid = {83B0530E-466F-4402-997C-C931AA178250}
	EndGlobalSection
EndGlobal
